
Microsoft Visual Studio Solution File, Format Version 11.00
# Visual Studio 2010
Project("{8BC9CEB8-8B4A-11D0-8D11-00A0C91BC942}") = "CellListTest", "CellListTest\CellListTest.vcxproj", "{2FBE8235-5931-4948-9025-53AC60A18BC3}"
EndProject
Project("{8BC9CEB8-8B4A-11D0-8D11-00A0C91BC942}") = "CellListDataSourceTest", "CellListDataSourceTest\CellListDataSourceTest.vcxproj", "{8FE59E19-AF42-46D1-9088-6F0DCA4EC36A}"
EndProject
Global
	GlobalSection(SolutionConfigurationPlatforms) = preSolution
		Debug|Win32 = Debug|Win32
		Release|Win32 = Release|Win32
	EndGlobalSection
	GlobalSection(ProjectConfigurationPlatforms) = postSolution
		{2FBE8235-5931-4948-9025-53AC60A18BC3}.Debug|Win32.ActiveCfg = Debug|Win32
		{2FBE8235-5931-4948-9025-53AC60A18BC3}.Debug|Win32.Build.0 = Debug|Win32
		{2FBE8235-5931-4948-9025-53AC60A18BC3}.Release|Win32.ActiveCfg = Release|Win32
		{2FBE8235-5931-4948-9025-53AC60A18BC3}.Release|Win32.Build.0 = Release|Win32
		{8FE59E19-AF42-46D1-9088-6F0DCA4EC36A}.Debug|Win32.ActiveCfg = Debug|Win32
		{8FE59E19-AF42-46D1-9088-6F0DCA4EC36A}.Debug|Win32.Build.0 = Debug|Win32
		{8FE59E19-AF42-46D1-9088-6F0DCA4EC36A}.Release|Win32.ActiveCfg = Release|Win32
		{8FE59E19-AF42-46D1-9088-6F0DCA4EC36A}.Release|Win32.Build.0 = Release|Win32
	EndGlobalSection
	GlobalSection(SolutionProperties) = preSolution
		HideSolutionNode = FALSE
	EndGlobalSection
EndGlobal
